
Microsoft Visual Studio Solution File, Format Version 12.00
# Visual Studio 2013
VisualStudioVersion = 12.0.21005.1
MinimumVisualStudioVersion = 10.0.40219.1
Project("{FAE04EC0-301F-11D3-BF4B-00C04F79EFBC}") = "ImageCode.GUI", "ImageCode.GUI\ImageCode.GUI.csproj", "{2AC5148D-ED64-4091-AF85-BF44ED4FEC6A}"
EndProject
Project("{FAE04EC0-301F-11D3-BF4B-00C04F79EFBC}") = "ImageCode.QR", "ImageCode.QR\ImageCode.QR.csproj", "{FC771644-24FD-472C-8A25-DAAF4E91F739}"
EndProject
Project("{FAE04EC0-301F-11D3-BF4B-00C04F79EFBC}") = "ImageCode.Readability", "ImageCode.Readability\ImageCode.Readability.csproj", "{42B20D54-F333-45DA-94E0-185BA2FB2BAF}"
EndProject
Global
	GlobalSection(SolutionConfigurationPlatforms) = preSolution
		Debug|Any CPU = Debug|Any CPU
		Release|Any CPU = Release|Any CPU
	EndGlobalSection
	GlobalSection(ProjectConfigurationPlatforms) = postSolution
		{2AC5148D-ED64-4091-AF85-BF44ED4FEC6A}.Debug|Any CPU.ActiveCfg = Debug|Any CPU
		{2AC5148D-ED64-4091-AF85-BF44ED4FEC6A}.Debug|Any CPU.Build.0 = Debug|Any CPU
		{2AC5148D-ED64-4091-AF85-BF44ED4FEC6A}.Release|Any CPU.ActiveCfg = Release|Any CPU
		{2AC5148D-ED64-4091-AF85-BF44ED4FEC6A}.Release|Any CPU.Build.0 = Release|Any CPU
		{FC771644-24FD-472C-8A25-DAAF4E91F739}.Debug|Any CPU.ActiveCfg = Debug|Any CPU
		{FC771644-24FD-472C-8A25-DAAF4E91F739}.Debug|Any CPU.Build.0 = Debug|Any CPU
		{FC771644-24FD-472C-8A25-DAAF4E91F739}.Release|Any CPU.ActiveCfg = Release|Any CPU
		{FC771644-24FD-472C-8A25-DAAF4E91F739}.Release|Any CPU.Build.0 = Release|Any CPU
		{42B20D54-F333-45DA-94E0-185BA2FB2BAF}.Debug|Any CPU.ActiveCfg = Debug|Any CPU
		{42B20D54-F333-45DA-94E0-185BA2FB2BAF}.Debug|Any CPU.Build.0 = Debug|Any CPU
		{42B20D54-F333-45DA-94E0-185BA2FB2BAF}.Release|Any CPU.ActiveCfg = Release|Any CPU
		{42B20D54-F333-45DA-94E0-185BA2FB2BAF}.Release|Any CPU.Build.0 = Release|Any CPU
	EndGlobalSection
	GlobalSection(SolutionProperties) = preSolution
		HideSolutionNode = FALSE
	EndGlobalSection
EndGlobal
